
Microsoft Visual Studio Solution File, Format Version 12.00
# Visual Studio 15
VisualStudioVersion = 15.0.27130.2036
MinimumVisualStudioVersion = 10.0.40219.1
Project("{FAE04EC0-301F-11D3-BF4B-00C04F79EFBC}") = "PasswordCheck", "PasswordCheck\PasswordCheck.csproj", "{3234016C-2C50-4C55-B8EE-7D4E14B8BCF3}"
EndProject
Global
	GlobalSection(SolutionConfigurationPlatforms) = preSolution
		Debug|Any CPU = Debug|Any CPU
		Release|Any CPU = Release|Any CPU
	EndGlobalSection
	GlobalSection(ProjectConfigurationPlatforms) = postSolution
		{3234016C-2C50-4C55-B8EE-7D4E14B8BCF3}.Debug|Any CPU.ActiveCfg = Debug|Any CPU
		{3234016C-2C50-4C55-B8EE-7D4E14B8BCF3}.Debug|Any CPU.Build.0 = Debug|Any CPU
		{3234016C-2C50-4C55-B8EE-7D4E14B8BCF3}.Release|Any CPU.ActiveCfg = Release|Any CPU
		{3234016C-2C50-4C55-B8EE-7D4E14B8BCF3}.Release|Any CPU.Build.0 = Release|Any CPU
	EndGlobalSection
	GlobalSection(SolutionProperties) = preSolution
		HideSolutionNode = FALSE
	EndGlobalSection
	GlobalSection(ExtensibilityGlobals) = postSolution
		SolutionGuid = {6E8D4D85-977E-4656-A1D9-D98B19E36E29}
	EndGlobalSection
EndGlobal
